
Microsoft Visual Studio Solution File, Format Version 12.00
# Visual Studio 2013
VisualStudioVersion = 12.0.21005.1
MinimumVisualStudioVersion = 10.0.40219.1
Project("{E24C65DC-7377-472B-9ABA-BC803B73C61A}") = "ResultCheckerApp", "http://localhost:55694", "{273A5EB3-DF5D-4BA1-B70A-DF529C7B05B5}"
	ProjectSection(WebsiteProperties) = preProject
		UseIISExpress = "true"
		TargetFrameworkMoniker = ".NETFramework,Version%3Dv4.5"
		Debug.AspNetCompiler.VirtualPath = "/localhost_55694"
		Debug.AspNetCompiler.PhysicalPath = "..\..\..\..\Desktop\ResultCheckerApp\"
		Debug.AspNetCompiler.TargetPath = "PrecompiledWeb\localhost_55694\"
		Debug.AspNetCompiler.Updateable = "true"
		Debug.AspNetCompiler.ForceOverwrite = "true"
		Debug.AspNetCompiler.FixedNames = "false"
		Debug.AspNetCompiler.Debug = "True"
		Release.AspNetCompiler.VirtualPath = "/localhost_55694"
		Release.AspNetCompiler.PhysicalPath = "..\..\..\..\Desktop\ResultCheckerApp\"
		Release.AspNetCompiler.TargetPath = "PrecompiledWeb\localhost_55694\"
		Release.AspNetCompiler.Updateable = "true"
		Release.AspNetCompiler.ForceOverwrite = "true"
		Release.AspNetCompiler.FixedNames = "false"
		Release.AspNetCompiler.Debug = "False"
		SlnRelativePath = "..\..\..\..\Desktop\ResultCheckerApp\"
	EndProjectSection
EndProject
Global
	GlobalSection(SolutionConfigurationPlatforms) = preSolution
		Debug|Any CPU = Debug|Any CPU
	EndGlobalSection
	GlobalSection(ProjectConfigurationPlatforms) = postSolution
		{273A5EB3-DF5D-4BA1-B70A-DF529C7B05B5}.Debug|Any CPU.ActiveCfg = Debug|Any CPU
		{273A5EB3-DF5D-4BA1-B70A-DF529C7B05B5}.Debug|Any CPU.Build.0 = Debug|Any CPU
	EndGlobalSection
	GlobalSection(SolutionProperties) = preSolution
		HideSolutionNode = FALSE
	EndGlobalSection
EndGlobal
