
Microsoft Visual Studio Solution File, Format Version 12.00
# Visual Studio Version 16
VisualStudioVersion = 16.0.32802.440
MinimumVisualStudioVersion = 10.0.40219.1
Project("{E24C65DC-7377-472B-9ABA-BC803B73C61A}") = "ResultCheckerApp", ".", "{C74AE82D-64A7-4DA1-A0CF-00C556DA606E}"
	ProjectSection(WebsiteProperties) = preProject
		TargetFrameworkMoniker = ".NETFramework,Version%3Dv4.5"
		Debug.AspNetCompiler.VirtualPath = "/localhost_52120"
		Debug.AspNetCompiler.PhysicalPath = "..\..\..\Desktop\ResultCheckerApp\"
		Debug.AspNetCompiler.TargetPath = "PrecompiledWeb\localhost_52120\"
		Debug.AspNetCompiler.Updateable = "true"
		Debug.AspNetCompiler.ForceOverwrite = "true"
		Debug.AspNetCompiler.FixedNames = "false"
		Debug.AspNetCompiler.Debug = "True"
		Release.AspNetCompiler.VirtualPath = "/localhost_52120"
		Release.AspNetCompiler.PhysicalPath = "..\..\..\Desktop\ResultCheckerApp\"
		Release.AspNetCompiler.TargetPath = "PrecompiledWeb\localhost_52120\"
		Release.AspNetCompiler.Updateable = "true"
		Release.AspNetCompiler.ForceOverwrite = "true"
		Release.AspNetCompiler.FixedNames = "false"
		Release.AspNetCompiler.Debug = "False"
		VWDPort = "52120"
	EndProjectSection
EndProject
Global
	GlobalSection(SolutionConfigurationPlatforms) = preSolution
		Debug|Any CPU = Debug|Any CPU
	EndGlobalSection
	GlobalSection(ProjectConfigurationPlatforms) = postSolution
		{C74AE82D-64A7-4DA1-A0CF-00C556DA606E}.Debug|Any CPU.ActiveCfg = Debug|Any CPU
		{C74AE82D-64A7-4DA1-A0CF-00C556DA606E}.Debug|Any CPU.Build.0 = Debug|Any CPU
	EndGlobalSection
	GlobalSection(SolutionProperties) = preSolution
		HideSolutionNode = FALSE
	EndGlobalSection
	GlobalSection(ExtensibilityGlobals) = postSolution
		SolutionGuid = {4D6AF411-235D-41B4-B2E1-C0A7C1BEDB88}
	EndGlobalSection
EndGlobal
